
Microsoft Visual Studio Solution File, Format Version 12.00
# Visual Studio Version 16
VisualStudioVersion = 16.0.29728.190
MinimumVisualStudioVersion = 10.0.40219.1
Project("{FAE04EC0-301F-11D3-BF4B-00C04F79EFBC}") = "PrescriptionAPI", "PrescriptionAPI.csproj", "{11AB0A68-860C-47E0-84F4-37E986A44D3A}"
EndProject
Global
	GlobalSection(SolutionConfigurationPlatforms) = preSolution
		Debug|Any CPU = Debug|Any CPU
		Release|Any CPU = Release|Any CPU
	EndGlobalSection
	GlobalSection(ProjectConfigurationPlatforms) = postSolution
		{11AB0A68-860C-47E0-84F4-37E986A44D3A}.Debug|Any CPU.ActiveCfg = Debug|Any CPU
		{11AB0A68-860C-47E0-84F4-37E986A44D3A}.Debug|Any CPU.Build.0 = Debug|Any CPU
		{11AB0A68-860C-47E0-84F4-37E986A44D3A}.Release|Any CPU.ActiveCfg = Release|Any CPU
		{11AB0A68-860C-47E0-84F4-37E986A44D3A}.Release|Any CPU.Build.0 = Release|Any CPU
	EndGlobalSection
	GlobalSection(SolutionProperties) = preSolution
		HideSolutionNode = FALSE
	EndGlobalSection
	GlobalSection(ExtensibilityGlobals) = postSolution
		SolutionGuid = {4FE9A056-ECDB-4183-BDC9-77727B809204}
	EndGlobalSection
EndGlobal
